// !$*UTF8*$!
{
	archiveVersion = 1;
	classes = {
	};
	objectVersion = 55;
	objects = {

/* Begin PBXBuildFile section */
		FE9E6FC328C58591000EC41D /* AppDelegate.swift in Sources */ = {isa = PBXBuildFile; fileRef = FE9E6FC228C58591000EC41D /* AppDelegate.swift */; };
		FE9E6FC528C58591000EC41D /* GameScene.sks in Resources */ = {isa = PBXBuildFile; fileRef = FE9E6FC428C58591000EC41D /* GameScene.sks */; };
		FE9E6FC728C58591000EC41D /* Actions.sks in Resources */ = {isa = PBXBuildFile; fileRef = FE9E6FC628C58591000EC41D /* Actions.sks */; };
		FE9E6FC928C58591000EC41D /* GameScene.swift in Sources */ = {isa = PBXBuildFile; fileRef = FE9E6FC828C58591000EC41D /* GameScene.swift */; };
		FE9E6FCB28C58591000EC41D /* GameViewController.swift in Sources */ = {isa = PBXBuildFile; fileRef = FE9E6FCA28C58591000EC41D /* GameViewController.swift */; };
		FE9E6FCE28C58591000EC41D /* Main.storyboard in Resources */ = {isa = PBXBuildFile; fileRef = FE9E6FCC28C58591000EC41D /* Main.storyboard */; };
		FE9E6FD028C58593000EC41D /* Assets.xcassets in Resources */ = {isa = PBXBuildFile; fileRef = FE9E6FCF28C58593000EC41D /* Assets.xcassets */; };
		FE9E6FD328C58593000EC41D /* LaunchScreen.storyboard in Resources */ = {isa = PBXBuildFile; fileRef = FE9E6FD128C58593000EC41D /* LaunchScreen.storyboard */; };
		FE9E6FDD28C58594000EC41D /* Black_Jack_GameTests.swift in Sources */ = {isa = PBXBuildFile; fileRef = FE9E6FDC28C58594000EC41D /* Black_Jack_GameTests.swift */; };
		FE9E6FE728C58594000EC41D /* Black_Jack_GameUITests.swift in Sources */ = {isa = PBXBuildFile; fileRef = FE9E6FE628C58594000EC41D /* Black_Jack_GameUITests.swift */; };
		FE9E6FE928C58594000EC41D /* Black_Jack_GameUITestsLaunchTests.swift in Sources */ = {isa = PBXBuildFile; fileRef = FE9E6FE828C58594000EC41D /* Black_Jack_GameUITestsLaunchTests.swift */; };
		FE9E700028C58702000EC41D /* Bank.swift in Sources */ = {isa = PBXBuildFile; fileRef = FE9E6FF528C58701000EC41D /* Bank.swift */; };
		FE9E700128C58702000EC41D /* Pot.swift in Sources */ = {isa = PBXBuildFile; fileRef = FE9E6FF628C58701000EC41D /* Pot.swift */; };
		FE9E700228C58702000EC41D /* Card.swift in Sources */ = {isa = PBXBuildFile; fileRef = FE9E6FF728C58701000EC41D /* Card.swift */; };
		FE9E700328C58702000EC41D /* Deck.swift in Sources */ = {isa = PBXBuildFile; fileRef = FE9E6FF828C58701000EC41D /* Deck.swift */; };
		FE9E700428C58702000EC41D /* GenericPlayer.swift in Sources */ = {isa = PBXBuildFile; fileRef = FE9E6FF928C58701000EC41D /* GenericPlayer.swift */; };
		FE9E700528C58702000EC41D /* Hand.swift in Sources */ = {isa = PBXBuildFile; fileRef = FE9E6FFA28C58701000EC41D /* Hand.swift */; };
		FE9E700628C58702000EC41D /* Player.swift in Sources */ = {isa = PBXBuildFile; fileRef = FE9E6FFB28C58701000EC41D /* Player.swift */; };
		FE9E700728C58702000EC41D /* Utilities.swift in Sources */ = {isa = PBXBuildFile; fileRef = FE9E6FFC28C58701000EC41D /* Utilities.swift */; };
		FE9E700828C58702000EC41D /* Dealer.swift in Sources */ = {isa = PBXBuildFile; fileRef = FE9E6FFD28C58701000EC41D /* Dealer.swift */; };
		FE9E700928C58702000EC41D /* Money.swift in Sources */ = {isa = PBXBuildFile; fileRef = FE9E6FFE28C58701000EC41D /* Money.swift */; };
		FE9E700A28C58702000EC41D /* MoneyValue.swift in Sources */ = {isa = PBXBuildFile; fileRef = FE9E6FFF28C58702000EC41D /* MoneyValue.swift */; };
/* End PBXBuildFile section */

/* Begin PBXContainerItemProxy section */
		FE9E6FD928C58594000EC41D /* PBXContainerItemProxy */ = {
			isa = PBXContainerItemProxy;
			containerPortal = FE9E6FB728C58591000EC41D /* Project object */;
			proxyType = 1;
			remoteGlobalIDString = FE9E6FBE28C58591000EC41D;
			remoteInfo = "Black Jack Game";
		};
		FE9E6FE328C58594000EC41D /* PBXContainerItemProxy */ = {
			isa = PBXContainerItemProxy;
			containerPortal = FE9E6FB728C58591000EC41D /* Project object */;
			proxyType = 1;
			remoteGlobalIDString = FE9E6FBE28C58591000EC41D;
			remoteInfo = "Black Jack Game";
		};
/* End PBXContainerItemProxy section */

/* Begin PBXFileReference section */
		FE9E6FBF28C58591000EC41D /* Black Jack Game.app */ = {isa = PBXFileReference; explicitFileType = wrapper.application; includeInIndex = 0; path = "Black Jack Game.app"; sourceTree = BUILT_PRODUCTS_DIR; };
		FE9E6FC228C58591000EC41D /* AppDelegate.swift */ = {isa = PBXFileReference; lastKnownFileType = sourcecode.swift; path = AppDelegate.swift; sourceTree = "<group>"; };
		FE9E6FC428C58591000EC41D /* GameScene.sks */ = {isa = PBXFileReference; lastKnownFileType = file.sks; path = GameScene.sks; sourceTree = "<group>"; };
		FE9E6FC628C58591000EC41D /* Actions.sks */ = {isa = PBXFileReference; lastKnownFileType = file.sks; path = Actions.sks; sourceTree = "<group>"; };
		FE9E6FC828C58591000EC41D /* GameScene.swift */ = {isa = PBXFileReference; lastKnownFileType = sourcecode.swift; path = GameScene.swift; sourceTree = "<group>"; };
		FE9E6FCA28C58591000EC41D /* GameViewController.swift */ = {isa = PBXFileReference; lastKnownFileType = sourcecode.swift; path = GameViewController.swift; sourceTree = "<group>"; };
		FE9E6FCD28C58591000EC41D /* Base */ = {isa = PBXFileReference; lastKnownFileType = file.storyboard; name = Base; path = Base.lproj/Main.storyboard; sourceTree = "<group>"; };
		FE9E6FCF28C58593000EC41D /* Assets.xcassets */ = {isa = PBXFileReference; lastKnownFileType = folder.assetcatalog; path = Assets.xcassets; sourceTree = "<group>"; };
		FE9E6FD228C58593000EC41D /* Base */ = {isa = PBXFileReference; lastKnownFileType = file.storyboard; name = Base; path = Base.lproj/LaunchScreen.storyboard; sourceTree = "<group>"; };
		FE9E6FD828C58594000EC41D /* Black Jack GameTests.xctest */ = {isa = PBXFileReference; explicitFileType = wrapper.cfbundle; includeInIndex = 0; path = "Black Jack GameTests.xctest"; sourceTree = BUILT_PRODUCTS_DIR; };
		FE9E6FDC28C58594000EC41D /* Black_Jack_GameTests.swift */ = {isa = PBXFileReference; lastKnownFileType = sourcecode.swift; path = Black_Jack_GameTests.swift; sourceTree = "<group>"; };
		FE9E6FE228C58594000EC41D /* Black Jack GameUITests.xctest */ = {isa = PBXFileReference; explicitFileType = wrapper.cfbundle; includeInIndex = 0; path = "Black Jack GameUITests.xctest"; sourceTree = BUILT_PRODUCTS_DIR; };
		FE9E6FE628C58594000EC41D /* Black_Jack_GameUITests.swift */ = {isa = PBXFileReference; lastKnownFileType = sourcecode.swift; path = Black_Jack_GameUITests.swift; sourceTree = "<group>"; };
		FE9E6FE828C58594000EC41D /* Black_Jack_GameUITestsLaunchTests.swift */ = {isa = PBXFileReference; lastKnownFileType = sourcecode.swift; path = Black_Jack_GameUITestsLaunchTests.swift; sourceTree = "<group>"; };
		FE9E6FF528C58701000EC41D /* Bank.swift */ = {isa = PBXFileReference; fileEncoding = 4; lastKnownFileType = sourcecode.swift; path = Bank.swift; sourceTree = "<group>"; };
		FE9E6FF628C58701000EC41D /* Pot.swift */ = {isa = PBXFileReference; fileEncoding = 4; lastKnownFileType = sourcecode.swift; path = Pot.swift; sourceTree = "<group>"; };
		FE9E6FF728C58701000EC41D /* Card.swift */ = {isa = PBXFileReference; fileEncoding = 4; lastKnownFileType = sourcecode.swift; path = Card.swift; sourceTree = "<group>"; };
		FE9E6FF828C58701000EC41D /* Deck.swift */ = {isa = PBXFileReference; fileEncoding = 4; lastKnownFileType = sourcecode.swift; path = Deck.swift; sourceTree = "<group>"; };
		FE9E6FF928C58701000EC41D /* GenericPlayer.swift */ = {isa = PBXFileReference; fileEncoding = 4; lastKnownFileType = sourcecode.swift; path = GenericPlayer.swift; sourceTree = "<group>"; };
		FE9E6FFA28C58701000EC41D /* Hand.swift */ = {isa = PBXFileReference; fileEncoding = 4; lastKnownFileType = sourcecode.swift; path = Hand.swift; sourceTree = "<group>"; };
		FE9E6FFB28C58701000EC41D /* Player.swift */ = {isa = PBXFileReference; fileEncoding = 4; lastKnownFileType = sourcecode.swift; path = Player.swift; sourceTree = "<group>"; };
		FE9E6FFC28C58701000EC41D /* Utilities.swift */ = {isa = PBXFileReference; fileEncoding = 4; lastKnownFileType = sourcecode.swift; path = Utilities.swift; sourceTree = "<group>"; };
		FE9E6FFD28C58701000EC41D /* Dealer.swift */ = {isa = PBXFileReference; fileEncoding = 4; lastKnownFileType = sourcecode.swift; path = Dealer.swift; sourceTree = "<group>"; };
		FE9E6FFE28C58701000EC41D /* Money.swift */ = {isa = PBXFileReference; fileEncoding = 4; lastKnownFileType = sourcecode.swift; path = Money.swift; sourceTree = "<group>"; };
		FE9E6FFF28C58702000EC41D /* MoneyValue.swift */ = {isa = PBXFileReference; fileEncoding = 4; lastKnownFileType = sourcecode.swift; path = MoneyValue.swift; sourceTree = "<group>"; };
/* End PBXFileReference section */

/* Begin PBXFrameworksBuildPhase section */
		FE9E6FBC28C58591000EC41D /* Frameworks */ = {
			isa = PBXFrameworksBuildPhase;
			buildActionMask = 2147483647;
			files = (
			);
			runOnlyForDeploymentPostprocessing = 0;
		};
		FE9E6FD528C58594000EC41D /* Frameworks */ = {
			isa = PBXFrameworksBuildPhase;
			buildActionMask = 2147483647;
			files = (
			);
			runOnlyForDeploymentPostprocessing = 0;
		};
		FE9E6FDF28C58594000EC41D /* Frameworks */ = {
			isa = PBXFrameworksBuildPhase;
			buildActionMask = 2147483647;
			files = (
			);
			runOnlyForDeploymentPostprocessing = 0;
		};
/* End PBXFrameworksBuildPhase section */

/* Begin PBXGroup section */
		FE9E6FB628C58591000EC41D = {
			isa = PBXGroup;
			children = (
				FE9E6FC128C58591000EC41D /* Black Jack Game */,
				FE9E6FDB28C58594000EC41D /* Black Jack GameTests */,
				FE9E6FE528C58594000EC41D /* Black Jack GameUITests */,
				FE9E6FC028C58591000EC41D /* Products */,
			);
			sourceTree = "<group>";
		};
		FE9E6FC028C58591000EC41D /* Products */ = {
			isa = PBXGroup;
			children = (
				FE9E6FBF28C58591000EC41D /* Black Jack Game.app */,
				FE9E6FD828C58594000EC41D /* Black Jack GameTests.xctest */,
				FE9E6FE228C58594000EC41D /* Black Jack GameUITests.xctest */,
			);
			name = Products;
			sourceTree = "<group>";
		};
		FE9E6FC128C58591000EC41D /* Black Jack Game */ = {
			isa = PBXGroup;
			children = (
				FE9E6FC228C58591000EC41D /* AppDelegate.swift */,
				FE9E6FC428C58591000EC41D /* GameScene.sks */,
				FE9E6FC628C58591000EC41D /* Actions.sks */,
				FE9E6FF528C58701000EC41D /* Bank.swift */,
				FE9E6FF728C58701000EC41D /* Card.swift */,
				FE9E6FFD28C58701000EC41D /* Dealer.swift */,
				FE9E6FF828C58701000EC41D /* Deck.swift */,
				FE9E6FF928C58701000EC41D /* GenericPlayer.swift */,
				FE9E6FFA28C58701000EC41D /* Hand.swift */,
				FE9E6FFE28C58701000EC41D /* Money.swift */,
				FE9E6FFF28C58702000EC41D /* MoneyValue.swift */,
				FE9E6FFB28C58701000EC41D /* Player.swift */,
				FE9E6FF628C58701000EC41D /* Pot.swift */,
				FE9E6FFC28C58701000EC41D /* Utilities.swift */,
				FE9E6FC828C58591000EC41D /* GameScene.swift */,
				FE9E6FCA28C58591000EC41D /* GameViewController.swift */,
				FE9E6FCC28C58591000EC41D /* Main.storyboard */,
				FE9E6FCF28C58593000EC41D /* Assets.xcassets */,
				FE9E6FD128C58593000EC41D /* LaunchScreen.storyboard */,
			);
			path = "Black Jack Game";
			sourceTree = "<group>";
		};
		FE9E6FDB28C58594000EC41D /* Black Jack GameTests */ = {
			isa = PBXGroup;
			children = (
				FE9E6FDC28C58594000EC41D /* Black_Jack_GameTests.swift */,
			);
			path = "Black Jack GameTests";
			sourceTree = "<group>";
		};
		FE9E6FE528C58594000EC41D /* Black Jack GameUITests */ = {
			isa = PBXGroup;
			children = (
				FE9E6FE628C58594000EC41D /* Black_Jack_GameUITests.swift */,
				FE9E6FE828C58594000EC41D /* Black_Jack_GameUITestsLaunchTests.swift */,
			);
			path = "Black Jack GameUITests";
			sourceTree = "<group>";
		};
/* End PBXGroup section */

/* Begin PBXNativeTarget section */
		FE9E6FBE28C58591000EC41D /* Black Jack Game */ = {
			isa = PBXNativeTarget;
			buildConfigurationList = FE9E6FEC28C58594000EC41D /* Build configuration list for PBXNativeTarget "Black Jack Game" */;
			buildPhases = (
				FE9E6FBB28C58591000EC41D /* Sources */,
				FE9E6FBC28C58591000EC41D /* Frameworks */,
				FE9E6FBD28C58591000EC41D /* Resources */,
			);
			buildRules = (
			);
			dependencies = (
			);
			name = "Black Jack Game";
			productName = "Black Jack Game";
			productReference = FE9E6FBF28C58591000EC41D /* Black Jack Game.app */;
			productType = "com.apple.product-type.application";
		};
		FE9E6FD728C58594000EC41D /* Black Jack GameTests */ = {
			isa = PBXNativeTarget;
			buildConfigurationList = FE9E6FEF28C58594000EC41D /* Build configuration list for PBXNativeTarget "Black Jack GameTests" */;
			buildPhases = (
				FE9E6FD428C58594000EC41D /* Sources */,
				FE9E6FD528C58594000EC41D /* Frameworks */,
				FE9E6FD628C58594000EC41D /* Resources */,
			);
			buildRules = (
			);
			dependencies = (
				FE9E6FDA28C58594000EC41D /* PBXTargetDependency */,
			);
			name = "Black Jack GameTests";
			productName = "Black Jack GameTests";
			productReference = FE9E6FD828C58594000EC41D /* Black Jack GameTests.xctest */;
			productType = "com.apple.product-type.bundle.unit-test";
		};
		FE9E6FE128C58594000EC41D /* Black Jack GameUITests */ = {
			isa = PBXNativeTarget;
			buildConfigurationList = FE9E6FF228C58594000EC41D /* Build configuration list for PBXNativeTarget "Black Jack GameUITests" */;
			buildPhases = (
				FE9E6FDE28C58594000EC41D /* Sources */,
				FE9E6FDF28C58594000EC41D /* Frameworks */,
				FE9E6FE028C58594000EC41D /* Resources */,
			);
			buildRules = (
			);
			dependencies = (
				FE9E6FE428C58594000EC41D /* PBXTargetDependency */,
			);
			name = "Black Jack GameUITests";
			productName = "Black Jack GameUITests";
			productReference = FE9E6FE228C58594000EC41D /* Black Jack GameUITests.xctest */;
			productType = "com.apple.product-type.bundle.ui-testing";
		};
/* End PBXNativeTarget section */

/* Begin PBXProject section */
		FE9E6FB728C58591000EC41D /* Project object */ = {
			isa = PBXProject;
			attributes = {
				BuildIndependentTargetsInParallel = 1;
				LastSwiftUpdateCheck = 1340;
				LastUpgradeCheck = 1340;
				TargetAttributes = {
					FE9E6FBE28C58591000EC41D = {
						CreatedOnToolsVersion = 13.4.1;
					};
					FE9E6FD728C58594000EC41D = {
						CreatedOnToolsVersion = 13.4.1;
						TestTargetID = FE9E6FBE28C58591000EC41D;
					};
					FE9E6FE128C58594000EC41D = {
						CreatedOnToolsVersion = 13.4.1;
						TestTargetID = FE9E6FBE28C58591000EC41D;
					};
				};
			};
			buildConfigurationList = FE9E6FBA28C58591000EC41D /* Build configuration list for PBXProject "Black Jack Game" */;
			compatibilityVersion = "Xcode 13.0";
			developmentRegion = en;
			hasScannedForEncodings = 0;
			knownRegions = (
				en,
				Base,
			);
			mainGroup = FE9E6FB628C58591000EC41D;
			productRefGroup = FE9E6FC028C58591000EC41D /* Products */;
			projectDirPath = "";
			projectRoot = "";
			targets = (
				FE9E6FBE28C58591000EC41D /* Black Jack Game */,
				FE9E6FD728C58594000EC41D /* Black Jack GameTests */,
				FE9E6FE128C58594000EC41D /* Black Jack GameUITests */,
			);
		};
/* End PBXProject section */

/* Begin PBXResourcesBuildPhase section */
		FE9E6FBD28C58591000EC41D /* Resources */ = {
			isa = PBXResourcesBuildPhase;
			buildActionMask = 2147483647;
			files = (
				FE9E6FCE28C58591000EC41D /* Main.storyboard in Resources */,
				FE9E6FC528C58591000EC41D /* GameScene.sks in Resources */,
				FE9E6FD028C58593000EC41D /* Assets.xcassets in Resources */,
				FE9E6FD328C58593000EC41D /* LaunchScreen.storyboard in Resources */,
				FE9E6FC728C58591000EC41D /* Actions.sks in Resources */,
			);
			runOnlyForDeploymentPostprocessing = 0;
		};
		FE9E6FD628C58594000EC41D /* Resources */ = {
			isa = PBXResourcesBuildPhase;
			buildActionMask = 2147483647;
			files = (
			);
			runOnlyForDeploymentPostprocessing = 0;
		};
		FE9E6FE028C58594000EC41D /* Resources */ = {
			isa = PBXResourcesBuildPhase;
			buildActionMask = 2147483647;
			files = (
			);
			runOnlyForDeploymentPostprocessing = 0;
		};
/* End PBXResourcesBuildPhase section */

/* Begin PBXSourcesBuildPhase section */
		FE9E6FBB28C58591000EC41D /* Sources */ = {
			isa = PBXSourcesBuildPhase;
			buildActionMask = 2147483647;
			files = (
				FE9E700428C58702000EC41D /* GenericPlayer.swift in Sources */,
				FE9E700328C58702000EC41D /* Deck.swift in Sources */,
				FE9E700728C58702000EC41D /* Utilities.swift in Sources */,
				FE9E700928C58702000EC41D /* Money.swift in Sources */,
				FE9E700128C58702000EC41D /* Pot.swift in Sources */,
				FE9E700228C58702000EC41D /* Card.swift in Sources */,
				FE9E6FC928C58591000EC41D /* GameScene.swift in Sources */,
				FE9E700528C58702000EC41D /* Hand.swift in Sources */,
				FE9E700028C58702000EC41D /* Bank.swift in Sources */,
				FE9E700828C58702000EC41D /* Dealer.swift in Sources */,
				FE9E700A28C58702000EC41D /* MoneyValue.swift in Sources */,
				FE9E6FCB28C58591000EC41D /* GameViewController.swift in Sources */,
				FE9E700628C58702000EC41D /* Player.swift in Sources */,
				FE9E6FC328C58591000EC41D /* AppDelegate.swift in Sources */,
			);
			runOnlyForDeploymentPostprocessing = 0;
		};
		FE9E6FD428C58594000EC41D /* Sources */ = {
			isa = PBXSourcesBuildPhase;
			buildActionMask = 2147483647;
			files = (
				FE9E6FDD28C58594000EC41D /* Black_Jack_GameTests.swift in Sources */,
			);
			runOnlyForDeploymentPostprocessing = 0;
		};
		FE9E6FDE28C58594000EC41D /* Sources */ = {
			isa = PBXSourcesBuildPhase;
			buildActionMask = 2147483647;
			files = (
				FE9E6FE728C58594000EC41D /* Black_Jack_GameUITests.swift in Sources */,
				FE9E6FE928C58594000EC41D /* Black_Jack_GameUITestsLaunchTests.swift in Sources */,
			);
			runOnlyForDeploymentPostprocessing = 0;
		};
/* End PBXSourcesBuildPhase section */

/* Begin PBXTargetDependency section */
		FE9E6FDA28C58594000EC41D /* PBXTargetDependency */ = {
			isa = PBXTargetDependency;
			target = FE9E6FBE28C58591000EC41D /* Black Jack Game */;
			targetProxy = FE9E6FD928C58594000EC41D /* PBXContainerItemProxy */;
		};
		FE9E6FE428C58594000EC41D /* PBXTargetDependency */ = {
			isa = PBXTargetDependency;
			target = FE9E6FBE28C58591000EC41D /* Black Jack Game */;
			targetProxy = FE9E6FE328C58594000EC41D /* PBXContainerItemProxy */;
		};
/* End PBXTargetDependency section */

/* Begin PBXVariantGroup section */
		FE9E6FCC28C58591000EC41D /* Main.storyboard */ = {
			isa = PBXVariantGroup;
			children = (
				FE9E6FCD28C58591000EC41D /* Base */,
			);
			name = Main.storyboard;
			sourceTree = "<group>";
		};
		FE9E6FD128C58593000EC41D /* LaunchScreen.storyboard */ = {
			isa = PBXVariantGroup;
			children = (
				FE9E6FD228C58593000EC41D /* Base */,
			);
			name = LaunchScreen.storyboard;
			sourceTree = "<group>";
		};
/* End PBXVariantGroup section */

/* Begin XCBuildConfiguration section */
		FE9E6FEA28C58594000EC41D /* Debug */ = {
			isa = XCBuildConfiguration;
			buildSettings = {
				ALWAYS_SEARCH_USER_PATHS = NO;
				CLANG_ANALYZER_NONNULL = YES;
				CLANG_ANALYZER_NUMBER_OBJECT_CONVERSION = YES_AGGRESSIVE;
				CLANG_CXX_LANGUAGE_STANDARD = "gnu++17";
				CLANG_ENABLE_MODULES = YES;
				CLANG_ENABLE_OBJC_ARC = YES;
				CLANG_ENABLE_OBJC_WEAK = YES;
				CLANG_WARN_BLOCK_CAPTURE_AUTORELEASING = YES;
				CLANG_WARN_BOOL_CONVERSION = YES;
				CLANG_WARN_COMMA = YES;
				CLANG_WARN_CONSTANT_CONVERSION = YES;
				CLANG_WARN_DEPRECATED_OBJC_IMPLEMENTATIONS = YES;
				CLANG_WARN_DIRECT_OBJC_ISA_USAGE = YES_ERROR;
				CLANG_WARN_DOCUMENTATION_COMMENTS = YES;
				CLANG_WARN_EMPTY_BODY = YES;
				CLANG_WARN_ENUM_CONVERSION = YES;
				CLANG_WARN_INFINITE_RECURSION = YES;
				CLANG_WARN_INT_CONVERSION = YES;
				CLANG_WARN_NON_LITERAL_NULL_CONVERSION = YES;
				CLANG_WARN_OBJC_IMPLICIT_RETAIN_SELF = YES;
				CLANG_WARN_OBJC_LITERAL_CONVERSION = YES;
				CLANG_WARN_OBJC_ROOT_CLASS = YES_ERROR;
				CLANG_WARN_QUOTED_INCLUDE_IN_FRAMEWORK_HEADER = YES;
				CLANG_WARN_RANGE_LOOP_ANALYSIS = YES;
				CLANG_WARN_STRICT_PROTOTYPES = YES;
				CLANG_WARN_SUSPICIOUS_MOVE = YES;
				CLANG_WARN_UNGUARDED_AVAILABILITY = YES_AGGRESSIVE;
				CLANG_WARN_UNREACHABLE_CODE = YES;
				CLANG_WARN__DUPLICATE_METHOD_MATCH = YES;
				COPY_PHASE_STRIP = NO;
				DEBUG_INFORMATION_FORMAT = dwarf;
				ENABLE_STRICT_OBJC_MSGSEND = YES;
				ENABLE_TESTABILITY = YES;
				GCC_C_LANGUAGE_STANDARD = gnu11;
				GCC_DYNAMIC_NO_PIC = NO;
				GCC_NO_COMMON_BLOCKS = YES;
				GCC_OPTIMIZATION_LEVEL = 0;
				GCC_PREPROCESSOR_DEFINITIONS = (
					"DEBUG=1",
					"$(inherited)",
				);
				GCC_WARN_64_TO_32_BIT_CONVERSION = YES;
				GCC_WARN_ABOUT_RETURN_TYPE = YES_ERROR;
				GCC_WARN_UNDECLARED_SELECTOR = YES;
				GCC_WARN_UNINITIALIZED_AUTOS = YES_AGGRESSIVE;
				GCC_WARN_UNUSED_FUNCTION = YES;
				GCC_WARN_UNUSED_VARIABLE = YES;
				IPHONEOS_DEPLOYMENT_TARGET = 15.5;
				MTL_ENABLE_DEBUG_INFO = INCLUDE_SOURCE;
				MTL_FAST_MATH = YES;
				ONLY_ACTIVE_ARCH = YES;
				SDKROOT = iphoneos;
				SWIFT_ACTIVE_COMPILATION_CONDITIONS = DEBUG;
				SWIFT_OPTIMIZATION_LEVEL = "-Onone";
			};
			name = Debug;
		};
		FE9E6FEB28C58594000EC41D /* Release */ = {
			isa = XCBuildConfiguration;
			buildSettings = {
				ALWAYS_SEARCH_USER_PATHS = NO;
				CLANG_ANALYZER_NONNULL = YES;
				CLANG_ANALYZER_NUMBER_OBJECT_CONVERSION = YES_AGGRESSIVE;
				CLANG_CXX_LANGUAGE_STANDARD = "gnu++17";
				CLANG_ENABLE_MODULES = YES;
				CLANG_ENABLE_OBJC_ARC = YES;
				CLANG_ENABLE_OBJC_WEAK = YES;
				CLANG_WARN_BLOCK_CAPTURE_AUTORELEASING = YES;
				CLANG_WARN_BOOL_CONVERSION = YES;
				CLANG_WARN_COMMA = YES;
				CLANG_WARN_CONSTANT_CONVERSION = YES;
				CLANG_WARN_DEPRECATED_OBJC_IMPLEMENTATIONS = YES;
				CLANG_WARN_DIRECT_OBJC_ISA_USAGE = YES_ERROR;
				CLANG_WARN_DOCUMENTATION_COMMENTS = YES;
				CLANG_WARN_EMPTY_BODY = YES;
				CLANG_WARN_ENUM_CONVERSION = YES;
				CLANG_WARN_INFINITE_RECURSION = YES;
				CLANG_WARN_INT_CONVERSION = YES;
				CLANG_WARN_NON_LITERAL_NULL_CONVERSION = YES;
				CLANG_WARN_OBJC_IMPLICIT_RETAIN_SELF = YES;
				CLANG_WARN_OBJC_LITERAL_CONVERSION = YES;
				CLANG_WARN_OBJC_ROOT_CLASS = YES_ERROR;
				CLANG_WARN_QUOTED_INCLUDE_IN_FRAMEWORK_HEADER = YES;
				CLANG_WARN_RANGE_LOOP_ANALYSIS = YES;
				CLANG_WARN_STRICT_PROTOTYPES = YES;
				CLANG_WARN_SUSPICIOUS_MOVE = YES;
				CLANG_WARN_UNGUARDED_AVAILABILITY = YES_AGGRESSIVE;
				CLANG_WARN_UNREACHABLE_CODE = YES;
				CLANG_WARN__DUPLICATE_METHOD_MATCH = YES;
				COPY_PHASE_STRIP = NO;
				DEBUG_INFORMATION_FORMAT = "dwarf-with-dsym";
				ENABLE_NS_ASSERTIONS = NO;
				ENABLE_STRICT_OBJC_MSGSEND = YES;
				GCC_C_LANGUAGE_STANDARD = gnu11;
				GCC_NO_COMMON_BLOCKS = YES;
				GCC_WARN_64_TO_32_BIT_CONVERSION = YES;
				GCC_WARN_ABOUT_RETURN_TYPE = YES_ERROR;
				GCC_WARN_UNDECLARED_SELECTOR = YES;
				GCC_WARN_UNINITIALIZED_AUTOS = YES_AGGRESSIVE;
				GCC_WARN_UNUSED_FUNCTION = YES;
				GCC_WARN_UNUSED_VARIABLE = YES;
				IPHONEOS_DEPLOYMENT_TARGET = 15.5;
				MTL_ENABLE_DEBUG_INFO = NO;
				MTL_FAST_MATH = YES;
				SDKROOT = iphoneos;
				SWIFT_COMPILATION_MODE = wholemodule;
				SWIFT_OPTIMIZATION_LEVEL = "-O";
				VALIDATE_PRODUCT = YES;
			};
			name = Release;
		};
		FE9E6FED28C58594000EC41D /* Debug */ = {
			isa = XCBuildConfiguration;
			buildSettings = {
				ASSETCATALOG_COMPILER_APPICON_NAME = AppIcon;
				ASSETCATALOG_COMPILER_GLOBAL_ACCENT_COLOR_NAME = AccentColor;
				CODE_SIGN_STYLE = Automatic;
				CURRENT_PROJECT_VERSION = 1;
				GENERATE_INFOPLIST_FILE = YES;
				INFOPLIST_KEY_UIApplicationSupportsIndirectInputEvents = YES;
				INFOPLIST_KEY_UILaunchStoryboardName = LaunchScreen;
				INFOPLIST_KEY_UIMainStoryboardFile = Main;
				INFOPLIST_KEY_UIStatusBarHidden = YES;
				INFOPLIST_KEY_UISupportedInterfaceOrientations_iPad = "UIInterfaceOrientationPortrait UIInterfaceOrientationPortraitUpsideDown UIInterfaceOrientationLandscapeLeft UIInterfaceOrientationLandscapeRight";
				INFOPLIST_KEY_UISupportedInterfaceOrientations_iPhone = "UIInterfaceOrientationPortrait UIInterfaceOrientationLandscapeLeft UIInterfaceOrientationLandscapeRight";
				LD_RUNPATH_SEARCH_PATHS = (
					"$(inherited)",
					"@executable_path/Frameworks",
				);
				MARKETING_VERSION = 1.0;
				PRODUCT_BUNDLE_IDENTIFIER = "serrayon.Black-Jack-Game";
				PRODUCT_NAME = "$(TARGET_NAME)";
				SWIFT_EMIT_LOC_STRINGS = YES;
				SWIFT_VERSION = 5.0;
				TARGETED_DEVICE_FAMILY = "1,2";
			};
			name = Debug;
		};
		FE9E6FEE28C58594000EC41D /* Release */ = {
			isa = XCBuildConfiguration;
			buildSettings = {
				ASSETCATALOG_COMPILER_APPICON_NAME = AppIcon;
				ASSETCATALOG_COMPILER_GLOBAL_ACCENT_COLOR_NAME = AccentColor;
				CODE_SIGN_STYLE = Automatic;
				CURRENT_PROJECT_VERSION = 1;
				GENERATE_INFOPLIST_FILE = YES;
				INFOPLIST_KEY_UIApplicationSupportsIndirectInputEvents = YES;
				INFOPLIST_KEY_UILaunchStoryboardName = LaunchScreen;
				INFOPLIST_KEY_UIMainStoryboardFile = Main;
				INFOPLIST_KEY_UIStatusBarHidden = YES;
				INFOPLIST_KEY_UISupportedInterfaceOrientations_iPad = "UIInterfaceOrientationPortrait UIInterfaceOrientationPortraitUpsideDown UIInterfaceOrientationLandscapeLeft UIInterfaceOrientationLandscapeRight";
				INFOPLIST_KEY_UISupportedInterfaceOrientations_iPhone = "UIInterfaceOrientationPortrait UIInterfaceOrientationLandscapeLeft UIInterfaceOrientationLandscapeRight";
				LD_RUNPATH_SEARCH_PATHS = (
					"$(inherited)",
					"@executable_path/Frameworks",
				);
				MARKETING_VERSION = 1.0;
				PRODUCT_BUNDLE_IDENTIFIER = "serrayon.Black-Jack-Game";
				PRODUCT_NAME = "$(TARGET_NAME)";
				SWIFT_EMIT_LOC_STRINGS = YES;
				SWIFT_VERSION = 5.0;
				TARGETED_DEVICE_FAMILY = "1,2";
			};
			name = Release;
		};
		FE9E6FF028C58594000EC41D /* Debug */ = {
			isa = XCBuildConfiguration;
			buildSettings = {
				ALWAYS_EMBED_SWIFT_STANDARD_LIBRARIES = YES;
				BUNDLE_LOADER = "$(TEST_HOST)";
				CODE_SIGN_STYLE = Automatic;
				CURRENT_PROJECT_VERSION = 1;
				GENERATE_INFOPLIST_FILE = YES;
				IPHONEOS_DEPLOYMENT_TARGET = 15.5;
				MARKETING_VERSION = 1.0;
				PRODUCT_BUNDLE_IDENTIFIER = "serrayon.Black-Jack-GameTests";
				PRODUCT_NAME = "$(TARGET_NAME)";
				SWIFT_EMIT_LOC_STRINGS = NO;
				SWIFT_VERSION = 5.0;
				TARGETED_DEVICE_FAMILY = "1,2";
				TEST_HOST = "$(BUILT_PRODUCTS_DIR)/Black Jack Game.app/Black Jack Game";
			};
			name = Debug;
		};
		FE9E6FF128C58594000EC41D /* Release */ = {
			isa = XCBuildConfiguration;
			buildSettings = {
				ALWAYS_EMBED_SWIFT_STANDARD_LIBRARIES = YES;
				BUNDLE_LOADER = "$(TEST_HOST)";
				CODE_SIGN_STYLE = Automatic;
				CURRENT_PROJECT_VERSION = 1;
				GENERATE_INFOPLIST_FILE = YES;
				IPHONEOS_DEPLOYMENT_TARGET = 15.5;
				MARKETING_VERSION = 1.0;
				PRODUCT_BUNDLE_IDENTIFIER = "serrayon.Black-Jack-GameTests";
				PRODUCT_NAME = "$(TARGET_NAME)";
				SWIFT_EMIT_LOC_STRINGS = NO;
				SWIFT_VERSION = 5.0;
				TARGETED_DEVICE_FAMILY = "1,2";
				TEST_HOST = "$(BUILT_PRODUCTS_DIR)/Black Jack Game.app/Black Jack Game";
			};
			name = Release;
		};
		FE9E6FF328C58594000EC41D /* Debug */ = {
			isa = XCBuildConfiguration;
			buildSettings = {
				ALWAYS_EMBED_SWIFT_STANDARD_LIBRARIES = YES;
				CODE_SIGN_STYLE = Automatic;
				CURRENT_PROJECT_VERSION = 1;
				GENERATE_INFOPLIST_FILE = YES;
				MARKETING_VERSION = 1.0;
				PRODUCT_BUNDLE_IDENTIFIER = "serrayon.Black-Jack-GameUITests";
				PRODUCT_NAME = "$(TARGET_NAME)";
				SWIFT_EMIT_LOC_STRINGS = NO;
				SWIFT_VERSION = 5.0;
				TARGETED_DEVICE_FAMILY = "1,2";
				TEST_TARGET_NAME = "Black Jack Game";
			};
			name = Debug;
		};
		FE9E6FF428C58594000EC41D /* Release */ = {
			isa = XCBuildConfiguration;
			buildSettings = {
				ALWAYS_EMBED_SWIFT_STANDARD_LIBRARIES = YES;
				CODE_SIGN_STYLE = Automatic;
				CURRENT_PROJECT_VERSION = 1;
				GENERATE_INFOPLIST_FILE = YES;
				MARKETING_VERSION = 1.0;
				PRODUCT_BUNDLE_IDENTIFIER = "serrayon.Black-Jack-GameUITests";
				PRODUCT_NAME = "$(TARGET_NAME)";
				SWIFT_EMIT_LOC_STRINGS = NO;
				SWIFT_VERSION = 5.0;
				TARGETED_DEVICE_FAMILY = "1,2";
				TEST_TARGET_NAME = "Black Jack Game";
			};
			name = Release;
		};
/* End XCBuildConfiguration section */

/* Begin XCConfigurationList section */
		FE9E6FBA28C58591000EC41D /* Build configuration list for PBXProject "Black Jack Game" */ = {
			isa = XCConfigurationList;
			buildConfigurations = (
				FE9E6FEA28C58594000EC41D /* Debug */,
				FE9E6FEB28C58594000EC41D /* Release */,
			);
			defaultConfigurationIsVisible = 0;
			defaultConfigurationName = Release;
		};
		FE9E6FEC28C58594000EC41D /* Build configuration list for PBXNativeTarget "Black Jack Game" */ = {
			isa = XCConfigurationList;
			buildConfigurations = (
				FE9E6FED28C58594000EC41D /* Debug */,
				FE9E6FEE28C58594000EC41D /* Release */,
			);
			defaultConfigurationIsVisible = 0;
			defaultConfigurationName = Release;
		};
		FE9E6FEF28C58594000EC41D /* Build configuration list for PBXNativeTarget "Black Jack GameTests" */ = {
			isa = XCConfigurationList;
			buildConfigurations = (
				FE9E6FF028C58594000EC41D /* Debug */,
				FE9E6FF128C58594000EC41D /* Release */,
			);
			defaultConfigurationIsVisible = 0;
			defaultConfigurationName = Release;
		};
		FE9E6FF228C58594000EC41D /* Build configuration list for PBXNativeTarget "Black Jack GameUITests" */ = {
			isa = XCConfigurationList;
			buildConfigurations = (
				FE9E6FF328C58594000EC41D /* Debug */,
				FE9E6FF428C58594000EC41D /* Release */,
			);
			defaultConfigurationIsVisible = 0;
			defaultConfigurationName = Release;
		};
/* End XCConfigurationList section */
	};
	rootObject = FE9E6FB728C58591000EC41D /* Project object */;
}
